
Microsoft Visual Studio Solution File, Format Version 12.00
# Visual Studio Version 17
VisualStudioVersion = 17.5.002.0
MinimumVisualStudioVersion = 10.0.40219.1
Project("{9A19103F-16F7-4668-BE54-9A1E7A4F7556}") = "Sportverein.Api", "Sportverein.Api\Sportverein.Api.csproj", "{49955103-1A6E-4A05-8A78-AAFA9E1554B0}"
EndProject
Project("{FAE04EC0-301F-11D3-BF4B-00C04F79EFBC}") = "Sportverein.Shared", "Sportverein.Shared\Sportverein.Shared.csproj", "{5BB02981-25A8-4C92-8900-203DCE2BD96B}"
EndProject
Project("{FAE04EC0-301F-11D3-BF4B-00C04F79EFBC}") = "Sportverein.UI", "Sportverein.UI\Sportverein.UI.csproj", "{B7CF9F03-6B38-4EF3-9247-0B4E3F27577E}"
EndProject
Global
	GlobalSection(SolutionConfigurationPlatforms) = preSolution
		Debug|Any CPU = Debug|Any CPU
		Release|Any CPU = Release|Any CPU
	EndGlobalSection
	GlobalSection(ProjectConfigurationPlatforms) = postSolution
		{49955103-1A6E-4A05-8A78-AAFA9E1554B0}.Debug|Any CPU.ActiveCfg = Debug|Any CPU
		{49955103-1A6E-4A05-8A78-AAFA9E1554B0}.Debug|Any CPU.Build.0 = Debug|Any CPU
		{49955103-1A6E-4A05-8A78-AAFA9E1554B0}.Release|Any CPU.ActiveCfg = Release|Any CPU
		{49955103-1A6E-4A05-8A78-AAFA9E1554B0}.Release|Any CPU.Build.0 = Release|Any CPU
		{5BB02981-25A8-4C92-8900-203DCE2BD96B}.Debug|Any CPU.ActiveCfg = Debug|Any CPU
		{5BB02981-25A8-4C92-8900-203DCE2BD96B}.Debug|Any CPU.Build.0 = Debug|Any CPU
		{5BB02981-25A8-4C92-8900-203DCE2BD96B}.Release|Any CPU.ActiveCfg = Release|Any CPU
		{5BB02981-25A8-4C92-8900-203DCE2BD96B}.Release|Any CPU.Build.0 = Release|Any CPU
		{B7CF9F03-6B38-4EF3-9247-0B4E3F27577E}.Debug|Any CPU.ActiveCfg = Debug|Any CPU
		{B7CF9F03-6B38-4EF3-9247-0B4E3F27577E}.Debug|Any CPU.Build.0 = Debug|Any CPU
		{B7CF9F03-6B38-4EF3-9247-0B4E3F27577E}.Release|Any CPU.ActiveCfg = Release|Any CPU
		{B7CF9F03-6B38-4EF3-9247-0B4E3F27577E}.Release|Any CPU.Build.0 = Release|Any CPU
	EndGlobalSection
	GlobalSection(SolutionProperties) = preSolution
		HideSolutionNode = FALSE
	EndGlobalSection
	GlobalSection(ExtensibilityGlobals) = postSolution
		SolutionGuid = {E2B0E33D-108B-4CFF-A5AC-E86FC8C63A2C}
	EndGlobalSection
EndGlobal
